
Microsoft Visual Studio Solution File, Format Version 12.00
# Visual Studio 15
VisualStudioVersion = 15.0.28307.960
MinimumVisualStudioVersion = 10.0.40219.1
Project("{FAE04EC0-301F-11D3-BF4B-00C04F79EFBC}") = "PawnWealthAdjuster", "PawnWealthAdjuster.csproj", "{AA6B632A-A407-420E-AC0B-910B6EB055F9}"
EndProject
Global
	GlobalSection(SolutionConfigurationPlatforms) = preSolution
		Debug|Any CPU = Debug|Any CPU
		Release|Any CPU = Release|Any CPU
	EndGlobalSection
	GlobalSection(ProjectConfigurationPlatforms) = postSolution
		{AA6B632A-A407-420E-AC0B-910B6EB055F9}.Debug|Any CPU.ActiveCfg = Debug|Any CPU
		{AA6B632A-A407-420E-AC0B-910B6EB055F9}.Debug|Any CPU.Build.0 = Debug|Any CPU
		{AA6B632A-A407-420E-AC0B-910B6EB055F9}.Release|Any CPU.ActiveCfg = Release|Any CPU
		{AA6B632A-A407-420E-AC0B-910B6EB055F9}.Release|Any CPU.Build.0 = Release|Any CPU
	EndGlobalSection
	GlobalSection(SolutionProperties) = preSolution
		HideSolutionNode = FALSE
	EndGlobalSection
	GlobalSection(ExtensibilityGlobals) = postSolution
		SolutionGuid = {ABD7142C-C445-4159-8A84-0D039F5B59BB}
	EndGlobalSection
EndGlobal
